
Microsoft Visual Studio Solution File, Format Version 12.00
# Visual Studio Version 16
VisualStudioVersion = 16.0.30523.141
MinimumVisualStudioVersion = 10.0.40219.1
Project("{FAE04EC0-301F-11D3-BF4B-00C04F79EFBC}") = "CaseService", "CaseService\CaseService.csproj", "{3258D1FF-5203-4ABC-8821-0C7A459BAF16}"
EndProject
Global
	GlobalSection(SolutionConfigurationPlatforms) = preSolution
		Debug|Any CPU = Debug|Any CPU
		Release|Any CPU = Release|Any CPU
	EndGlobalSection
	GlobalSection(ProjectConfigurationPlatforms) = postSolution
		{3258D1FF-5203-4ABC-8821-0C7A459BAF16}.Debug|Any CPU.ActiveCfg = Debug|Any CPU
		{3258D1FF-5203-4ABC-8821-0C7A459BAF16}.Debug|Any CPU.Build.0 = Debug|Any CPU
		{3258D1FF-5203-4ABC-8821-0C7A459BAF16}.Release|Any CPU.ActiveCfg = Release|Any CPU
		{3258D1FF-5203-4ABC-8821-0C7A459BAF16}.Release|Any CPU.Build.0 = Release|Any CPU
	EndGlobalSection
	GlobalSection(SolutionProperties) = preSolution
		HideSolutionNode = FALSE
	EndGlobalSection
	GlobalSection(ExtensibilityGlobals) = postSolution
		SolutionGuid = {F84918E7-0873-441B-AACE-B5A2E4167454}
	EndGlobalSection
EndGlobal
